
Microsoft Visual Studio Solution File, Format Version 12.00
# Visual Studio Version 16
VisualStudioVersion = 16.0.31702.278
MinimumVisualStudioVersion = 10.0.40219.1
Project("{F184B08F-C81C-45F6-A57F-5ABD9991F28F}") = "leap year", "leap year\leap year.vbproj", "{D67E5448-9E10-4DA6-B307-CCC155906D06}"
EndProject
Global
	GlobalSection(SolutionConfigurationPlatforms) = preSolution
		Debug|Any CPU = Debug|Any CPU
		Release|Any CPU = Release|Any CPU
	EndGlobalSection
	GlobalSection(ProjectConfigurationPlatforms) = postSolution
		{D67E5448-9E10-4DA6-B307-CCC155906D06}.Debug|Any CPU.ActiveCfg = Debug|Any CPU
		{D67E5448-9E10-4DA6-B307-CCC155906D06}.Debug|Any CPU.Build.0 = Debug|Any CPU
		{D67E5448-9E10-4DA6-B307-CCC155906D06}.Release|Any CPU.ActiveCfg = Release|Any CPU
		{D67E5448-9E10-4DA6-B307-CCC155906D06}.Release|Any CPU.Build.0 = Release|Any CPU
	EndGlobalSection
	GlobalSection(SolutionProperties) = preSolution
		HideSolutionNode = FALSE
	EndGlobalSection
	GlobalSection(ExtensibilityGlobals) = postSolution
		SolutionGuid = {8D161B87-C905-4FB3-BCB1-7B9BBD9703CA}
	EndGlobalSection
EndGlobal
