
Microsoft Visual Studio Solution File, Format Version 12.00
# Visual Studio Version 16
VisualStudioVersion = 16.0.31702.278
MinimumVisualStudioVersion = 10.0.40219.1
Project("{F184B08F-C81C-45F6-A57F-5ABD9991F28F}") = "jasper", "jasper\jasper.vbproj", "{2AF36C90-0B7B-4BD9-B71B-9A193E38522F}"
EndProject
Global
	GlobalSection(SolutionConfigurationPlatforms) = preSolution
		Debug|Any CPU = Debug|Any CPU
		Release|Any CPU = Release|Any CPU
	EndGlobalSection
	GlobalSection(ProjectConfigurationPlatforms) = postSolution
		{2AF36C90-0B7B-4BD9-B71B-9A193E38522F}.Debug|Any CPU.ActiveCfg = Debug|Any CPU
		{2AF36C90-0B7B-4BD9-B71B-9A193E38522F}.Debug|Any CPU.Build.0 = Debug|Any CPU
		{2AF36C90-0B7B-4BD9-B71B-9A193E38522F}.Release|Any CPU.ActiveCfg = Release|Any CPU
		{2AF36C90-0B7B-4BD9-B71B-9A193E38522F}.Release|Any CPU.Build.0 = Release|Any CPU
	EndGlobalSection
	GlobalSection(SolutionProperties) = preSolution
		HideSolutionNode = FALSE
	EndGlobalSection
	GlobalSection(ExtensibilityGlobals) = postSolution
		SolutionGuid = {2489EE43-EED4-455E-A758-48FB5997ACB9}
	EndGlobalSection
EndGlobal
