
Microsoft Visual Studio Solution File, Format Version 12.00
# Visual Studio Version 16
VisualStudioVersion = 16.0.31702.278
MinimumVisualStudioVersion = 10.0.40219.1
Project("{F184B08F-C81C-45F6-A57F-5ABD9991F28F}") = "Challenge", "Challenge\Challenge.vbproj", "{CDBA7421-1F83-4464-B2FA-B4DB7D8B7160}"
EndProject
Global
	GlobalSection(SolutionConfigurationPlatforms) = preSolution
		Debug|Any CPU = Debug|Any CPU
		Release|Any CPU = Release|Any CPU
	EndGlobalSection
	GlobalSection(ProjectConfigurationPlatforms) = postSolution
		{CDBA7421-1F83-4464-B2FA-B4DB7D8B7160}.Debug|Any CPU.ActiveCfg = Debug|Any CPU
		{CDBA7421-1F83-4464-B2FA-B4DB7D8B7160}.Debug|Any CPU.Build.0 = Debug|Any CPU
		{CDBA7421-1F83-4464-B2FA-B4DB7D8B7160}.Release|Any CPU.ActiveCfg = Release|Any CPU
		{CDBA7421-1F83-4464-B2FA-B4DB7D8B7160}.Release|Any CPU.Build.0 = Release|Any CPU
	EndGlobalSection
	GlobalSection(SolutionProperties) = preSolution
		HideSolutionNode = FALSE
	EndGlobalSection
	GlobalSection(ExtensibilityGlobals) = postSolution
		SolutionGuid = {91E6C623-38B0-4AB8-9A8B-7F663CB191D2}
	EndGlobalSection
EndGlobal
